{
  "version": 2,
  "dependencies": {
    "net8.0": {
      "CraftersCloud.Core": {
        "type": "Direct",
        "requested": "[1.0.3, )",
        "resolved": "1.0.3",
        "contentHash": "zsreQNeyinmrYLdeccoXpDqfbJZZAVyeFU45xQN7MFM/z+rBc6NDqDg/1Ojo2tvf94pDQ0YeUKlYIWOw5o6OFQ==",
        "dependencies": {
          "JetBrains.Annotations": "2024.2.0",
          "MediatR": "12.4.1",
          "Microsoft.Extensions.Logging.Abstractions": "8.0.1",
          "Serilog": "4.0.1",
          "System.ComponentModel.Annotations": "5.0.0"
        }
      },
      "CraftersCloud.Core.SmartEnums": {
        "type": "Direct",
        "requested": "[1.0.3, )",
        "resolved": "1.0.3",
        "contentHash": "DBH4hdJtlKI+zJqWp6XNgyPtZDoKoIpIuTNYJPmGWN8yWjkT7klll3S2aFljBr9LQfORDtxfga5Qh1ipVuKvGA==",
        "dependencies": {
          "Ardalis.SmartEnum": "8.0.0",
          "CraftersCloud.Core": "1.0.3",
          "JetBrains.Annotations": "2024.2.0"
        }
      },
      "MinVer": {
        "type": "Direct",
        "requested": "[6.0.0, )",
        "resolved": "6.0.0",
        "contentHash": "+/SsmiySsXJlvQLCGBqaZKNVt3s/Y/HbAdwtop7Km2CnuZbaScoqkWJEBQ5Cy9ebkn6kCYKrHsXgwrFdTgcb3g=="
      },
      "Ardalis.SmartEnum": {
        "type": "Transitive",
        "resolved": "8.0.0",
        "contentHash": "qGIfpKhSQeLouycBLosGD4qFqgPa5NKzzkH/59oSHyfs3FSbaO6JChpNEMnkslOyQRLbRXj2ImkA0uZdX19IZA==",
        "dependencies": {
          "System.ComponentModel.Annotations": "5.0.0"
        }
      },
      "JetBrains.Annotations": {
        "type": "Transitive",
        "resolved": "2024.2.0",
        "contentHash": "GNnqCFW/163p1fOehKx0CnAqjmpPrUSqrgfHM6qca+P+RN39C9rhlfZHQpJhxmQG/dkOYe/b3Z0P8b6Kv5m1qw=="
      },
      "MediatR": {
        "type": "Transitive",
        "resolved": "12.4.1",
        "contentHash": "0tLxCgEC5+r1OCuumR3sWyiVa+BMv3AgiU4+pz8xqTc+2q1WbUEXFOr7Orm96oZ9r9FsldgUtWvB2o7b9jDOaw==",
        "dependencies": {
          "MediatR.Contracts": "[2.0.1, 3.0.0)",
          "Microsoft.Extensions.DependencyInjection.Abstractions": "8.0.0"
        }
      },
      "MediatR.Contracts": {
        "type": "Transitive",
        "resolved": "2.0.1",
        "contentHash": "FYv95bNT4UwcNA+G/J1oX5OpRiSUxteXaUt2BJbRSdRNiIUNbggJF69wy6mnk2wYToaanpdXZdCwVylt96MpwQ=="
      },
      "Microsoft.Extensions.DependencyInjection.Abstractions": {
        "type": "Transitive",
        "resolved": "8.0.1",
        "contentHash": "fGLiCRLMYd00JYpClraLjJTNKLmMJPnqxMaiRzEBIIvevlzxz33mXy39Lkd48hu1G+N21S7QpaO5ZzKsI6FRuA=="
      },
      "Serilog": {
        "type": "Transitive",
        "resolved": "4.0.1",
        "contentHash": "pzeDRXdpSLSsgBHpZcmpIDxqMy845Ab4s+dfnBg0sN9h8q/4Wo3vAoe0QCGPze1Q06EVtEPupS+UvLm8iXQmTQ=="
      },
      "System.ComponentModel.Annotations": {
        "type": "Transitive",
        "resolved": "5.0.0",
        "contentHash": "dMkqfy2el8A8/I76n2Hi1oBFEbG1SfxD2l5nhwXV3XjlnOmwxJlQbYpJH4W51odnU9sARCSAgv7S3CyAFMkpYg=="
      },
      "Microsoft.Extensions.Logging.Abstractions": {
        "type": "CentralTransitive",
        "requested": "[8.0.1, )",
        "resolved": "8.0.1",
        "contentHash": "RIFgaqoaINxkM2KTOw72dmilDmTrYA0ns2KW4lDz4gZ2+o6IQ894CzmdL3StM2oh7QQq44nCWiqKqc4qUI9Jmg==",
        "dependencies": {
          "Microsoft.Extensions.DependencyInjection.Abstractions": "8.0.1"
        }
      }
    }
  }
}